// !$*UTF8*$!
{
	archiveVersion = 1;
	classes = {
	};
	objectVersion = 77;
	objects = {

/* Begin PBXBuildFile section */
		0433A25A2EC7DE9E00F22884 /* LogSee in Frameworks */ = {isa = PBXBuildFile; productRef = 0433A2592EC7DE9E00F22884 /* LogSee */; };
		0433A25C2EC7DE9E00F22884 /* Logger in Frameworks */ = {isa = PBXBuildFile; productRef = 0433A25B2EC7DE9E00F22884 /* Logger */; };
		044042CD2EFBE4DB00ECAEF5 /* LogSee in Frameworks */ = {isa = PBXBuildFile; productRef = 044042CC2EFBE4DB00ECAEF5 /* LogSee */; };
		044042CF2EFBE4DB00ECAEF5 /* Logger in Frameworks */ = {isa = PBXBuildFile; productRef = 044042CE2EFBE4DB00ECAEF5 /* Logger */; };
/* End PBXBuildFile section */

/* Begin PBXContainerItemProxy section */
		0433A2202EC7DE6600F22884 /* PBXContainerItemProxy */ = {
			isa = PBXContainerItemProxy;
			containerPortal = 0433A20A2EC7DE6500F22884 /* Project object */;
			proxyType = 1;
			remoteGlobalIDString = 0433A2112EC7DE6500F22884;
			remoteInfo = LogSeeDemo;
		};
		0433A22A2EC7DE6600F22884 /* PBXContainerItemProxy */ = {
			isa = PBXContainerItemProxy;
			containerPortal = 0433A20A2EC7DE6500F22884 /* Project object */;
			proxyType = 1;
			remoteGlobalIDString = 0433A2112EC7DE6500F22884;
			remoteInfo = LogSeeDemo;
		};
/* End PBXContainerItemProxy section */

/* Begin PBXFileReference section */
		0433A2122EC7DE6500F22884 /* LogSeeDemo.app */ = {isa = PBXFileReference; explicitFileType = wrapper.application; includeInIndex = 0; path = LogSeeDemo.app; sourceTree = BUILT_PRODUCTS_DIR; };
		0433A21F2EC7DE6600F22884 /* LogSeeDemoTests.xctest */ = {isa = PBXFileReference; explicitFileType = wrapper.cfbundle; includeInIndex = 0; path = LogSeeDemoTests.xctest; sourceTree = BUILT_PRODUCTS_DIR; };
		0433A2292EC7DE6600F22884 /* LogSeeDemoUITests.xctest */ = {isa = PBXFileReference; explicitFileType = wrapper.cfbundle; includeInIndex = 0; path = LogSeeDemoUITests.xctest; sourceTree = BUILT_PRODUCTS_DIR; };
/* End PBXFileReference section */

/* Begin PBXFileSystemSynchronizedRootGroup section */
		0433A2142EC7DE6500F22884 /* LogSeeDemo */ = {
			isa = PBXFileSystemSynchronizedRootGroup;
			path = LogSeeDemo;
			sourceTree = "<group>";
		};
		0433A2222EC7DE6600F22884 /* LogSeeDemoTests */ = {
			isa = PBXFileSystemSynchronizedRootGroup;
			path = LogSeeDemoTests;
			sourceTree = "<group>";
		};
		0433A22C2EC7DE6600F22884 /* LogSeeDemoUITests */ = {
			isa = PBXFileSystemSynchronizedRootGroup;
			path = LogSeeDemoUITests;
			sourceTree = "<group>";
		};
/* End PBXFileSystemSynchronizedRootGroup section */

/* Begin PBXFrameworksBuildPhase section */
		0433A20F2EC7DE6500F22884 /* Frameworks */ = {
			isa = PBXFrameworksBuildPhase;
			buildActionMask = 2147483647;
			files = (
				044042CD2EFBE4DB00ECAEF5 /* LogSee in Frameworks */,
				0433A25C2EC7DE9E00F22884 /* Logger in Frameworks */,
				044042CF2EFBE4DB00ECAEF5 /* Logger in Frameworks */,
				0433A25A2EC7DE9E00F22884 /* LogSee in Frameworks */,
			);
			runOnlyForDeploymentPostprocessing = 0;
		};
		0433A21C2EC7DE6600F22884 /* Frameworks */ = {
			isa = PBXFrameworksBuildPhase;
			buildActionMask = 2147483647;
			files = (
			);
			runOnlyForDeploymentPostprocessing = 0;
		};
		0433A2262EC7DE6600F22884 /* Frameworks */ = {
			isa = PBXFrameworksBuildPhase;
			buildActionMask = 2147483647;
			files = (
			);
			runOnlyForDeploymentPostprocessing = 0;
		};
/* End PBXFrameworksBuildPhase section */

/* Begin PBXGroup section */
		0433A2092EC7DE6500F22884 = {
			isa = PBXGroup;
			children = (
				0433A2142EC7DE6500F22884 /* LogSeeDemo */,
				0433A2222EC7DE6600F22884 /* LogSeeDemoTests */,
				0433A22C2EC7DE6600F22884 /* LogSeeDemoUITests */,
				0433A2132EC7DE6500F22884 /* Products */,
			);
			sourceTree = "<group>";
		};
		0433A2132EC7DE6500F22884 /* Products */ = {
			isa = PBXGroup;
			children = (
				0433A2122EC7DE6500F22884 /* LogSeeDemo.app */,
				0433A21F2EC7DE6600F22884 /* LogSeeDemoTests.xctest */,
				0433A2292EC7DE6600F22884 /* LogSeeDemoUITests.xctest */,
			);
			name = Products;
			sourceTree = "<group>";
		};
/* End PBXGroup section */

/* Begin PBXNativeTarget section */
		0433A2112EC7DE6500F22884 /* LogSeeDemo */ = {
			isa = PBXNativeTarget;
			buildConfigurationList = 0433A2332EC7DE6600F22884 /* Build configuration list for PBXNativeTarget "LogSeeDemo" */;
			buildPhases = (
				0433A20E2EC7DE6500F22884 /* Sources */,
				0433A20F2EC7DE6500F22884 /* Frameworks */,
				0433A2102EC7DE6500F22884 /* Resources */,
			);
			buildRules = (
			);
			dependencies = (
			);
			fileSystemSynchronizedGroups = (
				0433A2142EC7DE6500F22884 /* LogSeeDemo */,
			);
			name = LogSeeDemo;
			packageProductDependencies = (
				0433A2592EC7DE9E00F22884 /* LogSee */,
				0433A25B2EC7DE9E00F22884 /* Logger */,
				044042CC2EFBE4DB00ECAEF5 /* LogSee */,
				044042CE2EFBE4DB00ECAEF5 /* Logger */,
			);
			productName = LogSeeDemo;
			productReference = 0433A2122EC7DE6500F22884 /* LogSeeDemo.app */;
			productType = "com.apple.product-type.application";
		};
		0433A21E2EC7DE6600F22884 /* LogSeeDemoTests */ = {
			isa = PBXNativeTarget;
			buildConfigurationList = 0433A2362EC7DE6600F22884 /* Build configuration list for PBXNativeTarget "LogSeeDemoTests" */;
			buildPhases = (
				0433A21B2EC7DE6600F22884 /* Sources */,
				0433A21C2EC7DE6600F22884 /* Frameworks */,
				0433A21D2EC7DE6600F22884 /* Resources */,
			);
			buildRules = (
			);
			dependencies = (
				0433A2212EC7DE6600F22884 /* PBXTargetDependency */,
			);
			fileSystemSynchronizedGroups = (
				0433A2222EC7DE6600F22884 /* LogSeeDemoTests */,
			);
			name = LogSeeDemoTests;
			packageProductDependencies = (
			);
			productName = LogSeeDemoTests;
			productReference = 0433A21F2EC7DE6600F22884 /* LogSeeDemoTests.xctest */;
			productType = "com.apple.product-type.bundle.unit-test";
		};
		0433A2282EC7DE6600F22884 /* LogSeeDemoUITests */ = {
			isa = PBXNativeTarget;
			buildConfigurationList = 0433A2392EC7DE6600F22884 /* Build configuration list for PBXNativeTarget "LogSeeDemoUITests" */;
			buildPhases = (
				0433A2252EC7DE6600F22884 /* Sources */,
				0433A2262EC7DE6600F22884 /* Frameworks */,
				0433A2272EC7DE6600F22884 /* Resources */,
			);
			buildRules = (
			);
			dependencies = (
				0433A22B2EC7DE6600F22884 /* PBXTargetDependency */,
			);
			fileSystemSynchronizedGroups = (
				0433A22C2EC7DE6600F22884 /* LogSeeDemoUITests */,
			);
			name = LogSeeDemoUITests;
			packageProductDependencies = (
			);
			productName = LogSeeDemoUITests;
			productReference = 0433A2292EC7DE6600F22884 /* LogSeeDemoUITests.xctest */;
			productType = "com.apple.product-type.bundle.ui-testing";
		};
/* End PBXNativeTarget section */

/* Begin PBXProject section */
		0433A20A2EC7DE6500F22884 /* Project object */ = {
			isa = PBXProject;
			attributes = {
				BuildIndependentTargetsInParallel = 1;
				LastSwiftUpdateCheck = 2600;
				LastUpgradeCheck = 2600;
				TargetAttributes = {
					0433A2112EC7DE6500F22884 = {
						CreatedOnToolsVersion = 26.0;
					};
					0433A21E2EC7DE6600F22884 = {
						CreatedOnToolsVersion = 26.0;
						TestTargetID = 0433A2112EC7DE6500F22884;
					};
					0433A2282EC7DE6600F22884 = {
						CreatedOnToolsVersion = 26.0;
						TestTargetID = 0433A2112EC7DE6500F22884;
					};
				};
			};
			buildConfigurationList = 0433A20D2EC7DE6500F22884 /* Build configuration list for PBXProject "LogSeeDemo" */;
			developmentRegion = en;
			hasScannedForEncodings = 0;
			knownRegions = (
				en,
				Base,
			);
			mainGroup = 0433A2092EC7DE6500F22884;
			minimizedProjectReferenceProxies = 1;
			packageReferences = (
				044042CB2EFBE4DB00ECAEF5 /* XCLocalSwiftPackageReference "../../LogSee" */,
			);
			preferredProjectObjectVersion = 77;
			productRefGroup = 0433A2132EC7DE6500F22884 /* Products */;
			projectDirPath = "";
			projectRoot = "";
			targets = (
				0433A2112EC7DE6500F22884 /* LogSeeDemo */,
				0433A21E2EC7DE6600F22884 /* LogSeeDemoTests */,
				0433A2282EC7DE6600F22884 /* LogSeeDemoUITests */,
			);
		};
/* End PBXProject section */

/* Begin PBXResourcesBuildPhase section */
		0433A2102EC7DE6500F22884 /* Resources */ = {
			isa = PBXResourcesBuildPhase;
			buildActionMask = 2147483647;
			files = (
			);
			runOnlyForDeploymentPostprocessing = 0;
		};
		0433A21D2EC7DE6600F22884 /* Resources */ = {
			isa = PBXResourcesBuildPhase;
			buildActionMask = 2147483647;
			files = (
			);
			runOnlyForDeploymentPostprocessing = 0;
		};
		0433A2272EC7DE6600F22884 /* Resources */ = {
			isa = PBXResourcesBuildPhase;
			buildActionMask = 2147483647;
			files = (
			);
			runOnlyForDeploymentPostprocessing = 0;
		};
/* End PBXResourcesBuildPhase section */

/* Begin PBXSourcesBuildPhase section */
		0433A20E2EC7DE6500F22884 /* Sources */ = {
			isa = PBXSourcesBuildPhase;
			buildActionMask = 2147483647;
			files = (
			);
			runOnlyForDeploymentPostprocessing = 0;
		};
		0433A21B2EC7DE6600F22884 /* Sources */ = {
			isa = PBXSourcesBuildPhase;
			buildActionMask = 2147483647;
			files = (
			);
			runOnlyForDeploymentPostprocessing = 0;
		};
		0433A2252EC7DE6600F22884 /* Sources */ = {
			isa = PBXSourcesBuildPhase;
			buildActionMask = 2147483647;
			files = (
			);
			runOnlyForDeploymentPostprocessing = 0;
		};
/* End PBXSourcesBuildPhase section */

/* Begin PBXTargetDependency section */
		0433A2212EC7DE6600F22884 /* PBXTargetDependency */ = {
			isa = PBXTargetDependency;
			target = 0433A2112EC7DE6500F22884 /* LogSeeDemo */;
			targetProxy = 0433A2202EC7DE6600F22884 /* PBXContainerItemProxy */;
		};
		0433A22B2EC7DE6600F22884 /* PBXTargetDependency */ = {
			isa = PBXTargetDependency;
			target = 0433A2112EC7DE6500F22884 /* LogSeeDemo */;
			targetProxy = 0433A22A2EC7DE6600F22884 /* PBXContainerItemProxy */;
		};
/* End PBXTargetDependency section */

/* Begin XCBuildConfiguration section */
		0433A2312EC7DE6600F22884 /* Debug */ = {
			isa = XCBuildConfiguration;
			buildSettings = {
				ALWAYS_SEARCH_USER_PATHS = NO;
				ASSETCATALOG_COMPILER_GENERATE_SWIFT_ASSET_SYMBOL_EXTENSIONS = YES;
				CLANG_ANALYZER_NONNULL = YES;
				CLANG_ANALYZER_NUMBER_OBJECT_CONVERSION = YES_AGGRESSIVE;
				CLANG_CXX_LANGUAGE_STANDARD = "gnu++20";
				CLANG_ENABLE_MODULES = YES;
				CLANG_ENABLE_OBJC_ARC = YES;
				CLANG_ENABLE_OBJC_WEAK = YES;
				CLANG_WARN_BLOCK_CAPTURE_AUTORELEASING = YES;
				CLANG_WARN_BOOL_CONVERSION = YES;
				CLANG_WARN_COMMA = YES;
				CLANG_WARN_CONSTANT_CONVERSION = YES;
				CLANG_WARN_DEPRECATED_OBJC_IMPLEMENTATIONS = YES;
				CLANG_WARN_DIRECT_OBJC_ISA_USAGE = YES_ERROR;
				CLANG_WARN_DOCUMENTATION_COMMENTS = YES;
				CLANG_WARN_EMPTY_BODY = YES;
				CLANG_WARN_ENUM_CONVERSION = YES;
				CLANG_WARN_INFINITE_RECURSION = YES;
				CLANG_WARN_INT_CONVERSION = YES;
				CLANG_WARN_NON_LITERAL_NULL_CONVERSION = YES;
				CLANG_WARN_OBJC_IMPLICIT_RETAIN_SELF = YES;
				CLANG_WARN_OBJC_LITERAL_CONVERSION = YES;
				CLANG_WARN_OBJC_ROOT_CLASS = YES_ERROR;
				CLANG_WARN_QUOTED_INCLUDE_IN_FRAMEWORK_HEADER = YES;
				CLANG_WARN_RANGE_LOOP_ANALYSIS = YES;
				CLANG_WARN_STRICT_PROTOTYPES = YES;
				CLANG_WARN_SUSPICIOUS_MOVE = YES;
				CLANG_WARN_UNGUARDED_AVAILABILITY = YES_AGGRESSIVE;
				CLANG_WARN_UNREACHABLE_CODE = YES;
				CLANG_WARN__DUPLICATE_METHOD_MATCH = YES;
				COPY_PHASE_STRIP = NO;
				DEBUG_INFORMATION_FORMAT = dwarf;
				DEVELOPMENT_TEAM = 6M3752W435;
				ENABLE_STRICT_OBJC_MSGSEND = YES;
				ENABLE_TESTABILITY = YES;
				ENABLE_USER_SCRIPT_SANDBOXING = YES;
				GCC_C_LANGUAGE_STANDARD = gnu17;
				GCC_DYNAMIC_NO_PIC = NO;
				GCC_NO_COMMON_BLOCKS = YES;
				GCC_OPTIMIZATION_LEVEL = 0;
				GCC_PREPROCESSOR_DEFINITIONS = (
					"DEBUG=1",
					"$(inherited)",
				);
				GCC_WARN_64_TO_32_BIT_CONVERSION = YES;
				GCC_WARN_ABOUT_RETURN_TYPE = YES_ERROR;
				GCC_WARN_UNDECLARED_SELECTOR = YES;
				GCC_WARN_UNINITIALIZED_AUTOS = YES_AGGRESSIVE;
				GCC_WARN_UNUSED_FUNCTION = YES;
				GCC_WARN_UNUSED_VARIABLE = YES;
				IPHONEOS_DEPLOYMENT_TARGET = 26.0;
				LOCALIZATION_PREFERS_STRING_CATALOGS = YES;
				MTL_ENABLE_DEBUG_INFO = INCLUDE_SOURCE;
				MTL_FAST_MATH = YES;
				ONLY_ACTIVE_ARCH = YES;
				SDKROOT = iphoneos;
				SWIFT_ACTIVE_COMPILATION_CONDITIONS = "DEBUG $(inherited)";
				SWIFT_OPTIMIZATION_LEVEL = "-Onone";
			};
			name = Debug;
		};
		0433A2322EC7DE6600F22884 /* Release */ = {
			isa = XCBuildConfiguration;
			buildSettings = {
				ALWAYS_SEARCH_USER_PATHS = NO;
				ASSETCATALOG_COMPILER_GENERATE_SWIFT_ASSET_SYMBOL_EXTENSIONS = YES;
				CLANG_ANALYZER_NONNULL = YES;
				CLANG_ANALYZER_NUMBER_OBJECT_CONVERSION = YES_AGGRESSIVE;
				CLANG_CXX_LANGUAGE_STANDARD = "gnu++20";
				CLANG_ENABLE_MODULES = YES;
				CLANG_ENABLE_OBJC_ARC = YES;
				CLANG_ENABLE_OBJC_WEAK = YES;
				CLANG_WARN_BLOCK_CAPTURE_AUTORELEASING = YES;
				CLANG_WARN_BOOL_CONVERSION = YES;
				CLANG_WARN_COMMA = YES;
				CLANG_WARN_CONSTANT_CONVERSION = YES;
				CLANG_WARN_DEPRECATED_OBJC_IMPLEMENTATIONS = YES;
				CLANG_WARN_DIRECT_OBJC_ISA_USAGE = YES_ERROR;
				CLANG_WARN_DOCUMENTATION_COMMENTS = YES;
				CLANG_WARN_EMPTY_BODY = YES;
				CLANG_WARN_ENUM_CONVERSION = YES;
				CLANG_WARN_INFINITE_RECURSION = YES;
				CLANG_WARN_INT_CONVERSION = YES;
				CLANG_WARN_NON_LITERAL_NULL_CONVERSION = YES;
				CLANG_WARN_OBJC_IMPLICIT_RETAIN_SELF = YES;
				CLANG_WARN_OBJC_LITERAL_CONVERSION = YES;
				CLANG_WARN_OBJC_ROOT_CLASS = YES_ERROR;
				CLANG_WARN_QUOTED_INCLUDE_IN_FRAMEWORK_HEADER = YES;
				CLANG_WARN_RANGE_LOOP_ANALYSIS = YES;
				CLANG_WARN_STRICT_PROTOTYPES = YES;
				CLANG_WARN_SUSPICIOUS_MOVE = YES;
				CLANG_WARN_UNGUARDED_AVAILABILITY = YES_AGGRESSIVE;
				CLANG_WARN_UNREACHABLE_CODE = YES;
				CLANG_WARN__DUPLICATE_METHOD_MATCH = YES;
				COPY_PHASE_STRIP = NO;
				DEBUG_INFORMATION_FORMAT = "dwarf-with-dsym";
				DEVELOPMENT_TEAM = 6M3752W435;
				ENABLE_NS_ASSERTIONS = NO;
				ENABLE_STRICT_OBJC_MSGSEND = YES;
				ENABLE_USER_SCRIPT_SANDBOXING = YES;
				GCC_C_LANGUAGE_STANDARD = gnu17;
				GCC_NO_COMMON_BLOCKS = YES;
				GCC_WARN_64_TO_32_BIT_CONVERSION = YES;
				GCC_WARN_ABOUT_RETURN_TYPE = YES_ERROR;
				GCC_WARN_UNDECLARED_SELECTOR = YES;
				GCC_WARN_UNINITIALIZED_AUTOS = YES_AGGRESSIVE;
				GCC_WARN_UNUSED_FUNCTION = YES;
				GCC_WARN_UNUSED_VARIABLE = YES;
				IPHONEOS_DEPLOYMENT_TARGET = 26.0;
				LOCALIZATION_PREFERS_STRING_CATALOGS = YES;
				MTL_ENABLE_DEBUG_INFO = NO;
				MTL_FAST_MATH = YES;
				SDKROOT = iphoneos;
				SWIFT_COMPILATION_MODE = wholemodule;
				VALIDATE_PRODUCT = YES;
			};
			name = Release;
		};
		0433A2342EC7DE6600F22884 /* Debug */ = {
			isa = XCBuildConfiguration;
			buildSettings = {
				ASSETCATALOG_COMPILER_APPICON_NAME = AppIcon;
				ASSETCATALOG_COMPILER_GLOBAL_ACCENT_COLOR_NAME = AccentColor;
				CODE_SIGN_STYLE = Automatic;
				CURRENT_PROJECT_VERSION = 1;
				DEVELOPMENT_TEAM = 6M3752W435;
				ENABLE_PREVIEWS = YES;
				GENERATE_INFOPLIST_FILE = YES;
				INFOPLIST_KEY_UIApplicationSceneManifest_Generation = YES;
				INFOPLIST_KEY_UIApplicationSupportsIndirectInputEvents = YES;
				INFOPLIST_KEY_UILaunchScreen_Generation = YES;
				INFOPLIST_KEY_UISupportedInterfaceOrientations_iPad = "UIInterfaceOrientationPortrait UIInterfaceOrientationPortraitUpsideDown UIInterfaceOrientationLandscapeLeft UIInterfaceOrientationLandscapeRight";
				INFOPLIST_KEY_UISupportedInterfaceOrientations_iPhone = "UIInterfaceOrientationPortrait UIInterfaceOrientationLandscapeLeft UIInterfaceOrientationLandscapeRight";
				LD_RUNPATH_SEARCH_PATHS = (
					"$(inherited)",
					"@executable_path/Frameworks",
				);
				MARKETING_VERSION = 1.0;
				PRODUCT_BUNDLE_IDENTIFIER = com.logsee.LogSeeDemo;
				PRODUCT_NAME = "$(TARGET_NAME)";
				STRING_CATALOG_GENERATE_SYMBOLS = YES;
				SWIFT_APPROACHABLE_CONCURRENCY = YES;
				SWIFT_DEFAULT_ACTOR_ISOLATION = MainActor;
				SWIFT_EMIT_LOC_STRINGS = YES;
				SWIFT_UPCOMING_FEATURE_MEMBER_IMPORT_VISIBILITY = YES;
				SWIFT_VERSION = 5.0;
				TARGETED_DEVICE_FAMILY = "1,2";
			};
			name = Debug;
		};
		0433A2352EC7DE6600F22884 /* Release */ = {
			isa = XCBuildConfiguration;
			buildSettings = {
				ASSETCATALOG_COMPILER_APPICON_NAME = AppIcon;
				ASSETCATALOG_COMPILER_GLOBAL_ACCENT_COLOR_NAME = AccentColor;
				CODE_SIGN_STYLE = Automatic;
				CURRENT_PROJECT_VERSION = 1;
				DEVELOPMENT_TEAM = 6M3752W435;
				ENABLE_PREVIEWS = YES;
				GENERATE_INFOPLIST_FILE = YES;
				INFOPLIST_KEY_UIApplicationSceneManifest_Generation = YES;
				INFOPLIST_KEY_UIApplicationSupportsIndirectInputEvents = YES;
				INFOPLIST_KEY_UILaunchScreen_Generation = YES;
				INFOPLIST_KEY_UISupportedInterfaceOrientations_iPad = "UIInterfaceOrientationPortrait UIInterfaceOrientationPortraitUpsideDown UIInterfaceOrientationLandscapeLeft UIInterfaceOrientationLandscapeRight";
				INFOPLIST_KEY_UISupportedInterfaceOrientations_iPhone = "UIInterfaceOrientationPortrait UIInterfaceOrientationLandscapeLeft UIInterfaceOrientationLandscapeRight";
				LD_RUNPATH_SEARCH_PATHS = (
					"$(inherited)",
					"@executable_path/Frameworks",
				);
				MARKETING_VERSION = 1.0;
				PRODUCT_BUNDLE_IDENTIFIER = com.logsee.LogSeeDemo;
				PRODUCT_NAME = "$(TARGET_NAME)";
				STRING_CATALOG_GENERATE_SYMBOLS = YES;
				SWIFT_APPROACHABLE_CONCURRENCY = YES;
				SWIFT_DEFAULT_ACTOR_ISOLATION = MainActor;
				SWIFT_EMIT_LOC_STRINGS = YES;
				SWIFT_UPCOMING_FEATURE_MEMBER_IMPORT_VISIBILITY = YES;
				SWIFT_VERSION = 5.0;
				TARGETED_DEVICE_FAMILY = "1,2";
			};
			name = Release;
		};
		0433A2372EC7DE6600F22884 /* Debug */ = {
			isa = XCBuildConfiguration;
			buildSettings = {
				BUNDLE_LOADER = "$(TEST_HOST)";
				CODE_SIGN_STYLE = Automatic;
				CURRENT_PROJECT_VERSION = 1;
				DEVELOPMENT_TEAM = 6M3752W435;
				GENERATE_INFOPLIST_FILE = YES;
				IPHONEOS_DEPLOYMENT_TARGET = 26.0;
				MARKETING_VERSION = 1.0;
				PRODUCT_BUNDLE_IDENTIFIER = com.logsee.LogSeeDemoTests;
				PRODUCT_NAME = "$(TARGET_NAME)";
				STRING_CATALOG_GENERATE_SYMBOLS = NO;
				SWIFT_APPROACHABLE_CONCURRENCY = YES;
				SWIFT_EMIT_LOC_STRINGS = NO;
				SWIFT_UPCOMING_FEATURE_MEMBER_IMPORT_VISIBILITY = YES;
				SWIFT_VERSION = 5.0;
				TARGETED_DEVICE_FAMILY = "1,2";
				TEST_HOST = "$(BUILT_PRODUCTS_DIR)/LogSeeDemo.app/$(BUNDLE_EXECUTABLE_FOLDER_PATH)/LogSeeDemo";
			};
			name = Debug;
		};
		0433A2382EC7DE6600F22884 /* Release */ = {
			isa = XCBuildConfiguration;
			buildSettings = {
				BUNDLE_LOADER = "$(TEST_HOST)";
				CODE_SIGN_STYLE = Automatic;
				CURRENT_PROJECT_VERSION = 1;
				DEVELOPMENT_TEAM = 6M3752W435;
				GENERATE_INFOPLIST_FILE = YES;
				IPHONEOS_DEPLOYMENT_TARGET = 26.0;
				MARKETING_VERSION = 1.0;
				PRODUCT_BUNDLE_IDENTIFIER = com.logsee.LogSeeDemoTests;
				PRODUCT_NAME = "$(TARGET_NAME)";
				STRING_CATALOG_GENERATE_SYMBOLS = NO;
				SWIFT_APPROACHABLE_CONCURRENCY = YES;
				SWIFT_EMIT_LOC_STRINGS = NO;
				SWIFT_UPCOMING_FEATURE_MEMBER_IMPORT_VISIBILITY = YES;
				SWIFT_VERSION = 5.0;
				TARGETED_DEVICE_FAMILY = "1,2";
				TEST_HOST = "$(BUILT_PRODUCTS_DIR)/LogSeeDemo.app/$(BUNDLE_EXECUTABLE_FOLDER_PATH)/LogSeeDemo";
			};
			name = Release;
		};
		0433A23A2EC7DE6600F22884 /* Debug */ = {
			isa = XCBuildConfiguration;
			buildSettings = {
				CODE_SIGN_STYLE = Automatic;
				CURRENT_PROJECT_VERSION = 1;
				DEVELOPMENT_TEAM = 6M3752W435;
				GENERATE_INFOPLIST_FILE = YES;
				MARKETING_VERSION = 1.0;
				PRODUCT_BUNDLE_IDENTIFIER = com.logsee.LogSeeDemoUITests;
				PRODUCT_NAME = "$(TARGET_NAME)";
				STRING_CATALOG_GENERATE_SYMBOLS = NO;
				SWIFT_APPROACHABLE_CONCURRENCY = YES;
				SWIFT_EMIT_LOC_STRINGS = NO;
				SWIFT_UPCOMING_FEATURE_MEMBER_IMPORT_VISIBILITY = YES;
				SWIFT_VERSION = 5.0;
				TARGETED_DEVICE_FAMILY = "1,2";
				TEST_TARGET_NAME = LogSeeDemo;
			};
			name = Debug;
		};
		0433A23B2EC7DE6600F22884 /* Release */ = {
			isa = XCBuildConfiguration;
			buildSettings = {
				CODE_SIGN_STYLE = Automatic;
				CURRENT_PROJECT_VERSION = 1;
				DEVELOPMENT_TEAM = 6M3752W435;
				GENERATE_INFOPLIST_FILE = YES;
				MARKETING_VERSION = 1.0;
				PRODUCT_BUNDLE_IDENTIFIER = com.logsee.LogSeeDemoUITests;
				PRODUCT_NAME = "$(TARGET_NAME)";
				STRING_CATALOG_GENERATE_SYMBOLS = NO;
				SWIFT_APPROACHABLE_CONCURRENCY = YES;
				SWIFT_EMIT_LOC_STRINGS = NO;
				SWIFT_UPCOMING_FEATURE_MEMBER_IMPORT_VISIBILITY = YES;
				SWIFT_VERSION = 5.0;
				TARGETED_DEVICE_FAMILY = "1,2";
				TEST_TARGET_NAME = LogSeeDemo;
			};
			name = Release;
		};
/* End XCBuildConfiguration section */

/* Begin XCConfigurationList section */
		0433A20D2EC7DE6500F22884 /* Build configuration list for PBXProject "LogSeeDemo" */ = {
			isa = XCConfigurationList;
			buildConfigurations = (
				0433A2312EC7DE6600F22884 /* Debug */,
				0433A2322EC7DE6600F22884 /* Release */,
			);
			defaultConfigurationIsVisible = 0;
			defaultConfigurationName = Release;
		};
		0433A2332EC7DE6600F22884 /* Build configuration list for PBXNativeTarget "LogSeeDemo" */ = {
			isa = XCConfigurationList;
			buildConfigurations = (
				0433A2342EC7DE6600F22884 /* Debug */,
				0433A2352EC7DE6600F22884 /* Release */,
			);
			defaultConfigurationIsVisible = 0;
			defaultConfigurationName = Release;
		};
		0433A2362EC7DE6600F22884 /* Build configuration list for PBXNativeTarget "LogSeeDemoTests" */ = {
			isa = XCConfigurationList;
			buildConfigurations = (
				0433A2372EC7DE6600F22884 /* Debug */,
				0433A2382EC7DE6600F22884 /* Release */,
			);
			defaultConfigurationIsVisible = 0;
			defaultConfigurationName = Release;
		};
		0433A2392EC7DE6600F22884 /* Build configuration list for PBXNativeTarget "LogSeeDemoUITests" */ = {
			isa = XCConfigurationList;
			buildConfigurations = (
				0433A23A2EC7DE6600F22884 /* Debug */,
				0433A23B2EC7DE6600F22884 /* Release */,
			);
			defaultConfigurationIsVisible = 0;
			defaultConfigurationName = Release;
		};
/* End XCConfigurationList section */

/* Begin XCLocalSwiftPackageReference section */
		044042CB2EFBE4DB00ECAEF5 /* XCLocalSwiftPackageReference "../../LogSee" */ = {
			isa = XCLocalSwiftPackageReference;
			relativePath = ../../LogSee;
		};
/* End XCLocalSwiftPackageReference section */

/* Begin XCSwiftPackageProductDependency section */
		0433A2592EC7DE9E00F22884 /* LogSee */ = {
			isa = XCSwiftPackageProductDependency;
			productName = LogSee;
		};
		0433A25B2EC7DE9E00F22884 /* Logger */ = {
			isa = XCSwiftPackageProductDependency;
			productName = Logger;
		};
		044042CC2EFBE4DB00ECAEF5 /* LogSee */ = {
			isa = XCSwiftPackageProductDependency;
			productName = LogSee;
		};
		044042CE2EFBE4DB00ECAEF5 /* Logger */ = {
			isa = XCSwiftPackageProductDependency;
			productName = Logger;
		};
/* End XCSwiftPackageProductDependency section */
	};
	rootObject = 0433A20A2EC7DE6500F22884 /* Project object */;
}
